lockfileVersion: 5.3

specifiers:
  '@types/koa': 2.11.6
  '@types/node': ^14.14.31
  '@types/node-fetch': 1.6.9
  dotenv: ^8.2.0
  node-fetch: ^2.6.1
  rest-easy-loki: ^1.0.0
  rimraf: ^3.0.2
  tsc-watch: ^4.2.9
  typescript: ^4.2.2

dependencies:
  dotenv: 8.2.0
  node-fetch: 2.6.1
  rest-easy-loki: 1.0.0

devDependencies:
  '@types/koa': 2.11.6
  '@types/node': 14.14.31
  '@types/node-fetch': 1.6.9
  rimraf: 3.0.2
  tsc-watch: 4.2.9_typescript@4.2.2
  typescript: 4.2.2

packages:

  /@koa/cors/3.1.0:
    resolution: {integrity: sha512-7ulRC1da/rBa6kj6P4g2aJfnET3z8Uf3SWu60cjbtxTA5g8lxRdX/Bd2P92EagGwwAhANeNw8T8if99rJliR6Q==}
    engines: {node: '>= 8.0.0'}
    dependencies:
      vary: 1.1.2
    dev: false

  /@types/accepts/1.3.5:
    resolution: {integrity: sha512-jOdnI/3qTpHABjM5cx1Hc0sKsPoYCp+DP/GJRGtDlPd7fiV9oXGGIcjW/ZOxLIvjGz8MA+uMZI9metHlgqbgwQ==}
    dependencies:
      '@types/node': 14.14.31
    dev: true

  /@types/body-parser/1.19.0:
    resolution: {integrity: sha512-W98JrE0j2K78swW4ukqMleo8R7h/pFETjM2DQ90MF6XK2i4LO4W3gQ71Lt4w3bfm2EvVSyWHplECvB5sK22yFQ==}
    dependencies:
      '@types/connect': 3.4.34
      '@types/node': 14.14.31
    dev: true

  /@types/component-emitter/1.2.10:
    resolution: {integrity: sha512-bsjleuRKWmGqajMerkzox19aGbscQX5rmmvvXl3wlIp5gMG1HgkiwPxsN5p070fBDKTNSPgojVbuY1+HWMbFhg==}
    dev: false

  /@types/connect/3.4.34:
    resolution: {integrity: sha512-ePPA/JuI+X0vb+gSWlPKOY0NdNAie/rPUqX2GUPpbZwiKTkSPhjXWuee47E4MtE54QVzGCQMQkAL6JhV2E1+cQ==}
    dependencies:
      '@types/node': 14.14.31
    dev: true

  /@types/content-disposition/0.5.3:
    resolution: {integrity: sha512-P1bffQfhD3O4LW0ioENXUhZ9OIa0Zn+P7M+pWgkCKaT53wVLSq0mrKksCID/FGHpFhRSxRGhgrQmfhRuzwtKdg==}
    dev: true

  /@types/cookie/0.4.0:
    resolution: {integrity: sha512-y7mImlc/rNkvCRmg8gC3/lj87S7pTUIJ6QGjwHR9WQJcFs+ZMTOaoPrkdFA/YdbuqVEmEbb5RdhVxMkAcgOnpg==}
    dev: false

  /@types/cookies/0.7.6:
    resolution: {integrity: sha512-FK4U5Qyn7/Sc5ih233OuHO0qAkOpEcD/eG6584yEiLKizTFRny86qHLe/rej3HFQrkBuUjF4whFliAdODbVN/w==}
    dependencies:
      '@types/connect': 3.4.34
      '@types/express': 4.17.11
      '@types/keygrip': 1.0.2
      '@types/node': 14.14.31
    dev: true

  /@types/cors/2.8.10:
    resolution: {integrity: sha512-C7srjHiVG3Ey1nR6d511dtDkCEjxuN9W1HWAEjGq8kpcwmNM6JJkpC0xvabM7BXTG2wDq8Eu33iH9aQKa7IvLQ==}
    dev: false

  /@types/express-serve-static-core/4.17.18:
    resolution: {integrity: sha512-m4JTwx5RUBNZvky/JJ8swEJPKFd8si08pPF2PfizYjGZOKr/svUWPcoUmLow6MmPzhasphB7gSTINY67xn3JNA==}
    dependencies:
      '@types/node': 14.14.31
      '@types/qs': 6.9.5
      '@types/range-parser': 1.2.3
    dev: true

  /@types/express/4.17.11:
    resolution: {integrity: sha512-no+R6rW60JEc59977wIxreQVsIEOAYwgCqldrA/vkpCnbD7MqTefO97lmoBe4WE0F156bC4uLSP1XHDOySnChg==}
    dependencies:
      '@types/body-parser': 1.19.0
      '@types/express-serve-static-core': 4.17.18
      '@types/qs': 6.9.5
      '@types/serve-static': 1.13.9
    dev: true

  /@types/formidable/1.0.32:
    resolution: {integrity: sha512-jOAB5+GFW+C+2xdvUcpd/CnYg2rD5xCyagJLBJU+9PB4a/DKmsAqS9yZI3j/Q9zwvM7ztPHaAIH1ijzp4cezdQ==}
    dependencies:
      '@types/node': 14.14.31
    dev: false

  /@types/http-assert/1.5.1:
    resolution: {integrity: sha512-PGAK759pxyfXE78NbKxyfRcWYA/KwW17X290cNev/qAsn9eQIxkH4shoNBafH37wewhDG/0p1cHPbK6+SzZjWQ==}
    dev: true

  /@types/http-errors/1.8.0:
    resolution: {integrity: sha512-2aoSC4UUbHDj2uCsCxcG/vRMXey/m17bC7UwitVm5hn22nI8O8Y9iDpA76Orc+DWkQ4zZrOKEshCqR/jSuXAHA==}
    dev: true

  /@types/keygrip/1.0.2:
    resolution: {integrity: sha512-GJhpTepz2udxGexqos8wgaBx4I/zWIDPh/KOGEwAqtuGDkOUJu5eFvwmdBX4AmB8Odsr+9pHCQqiAqDL/yKMKw==}
    dev: true

  /@types/koa-compose/3.2.5:
    resolution: {integrity: sha512-B8nG/OoE1ORZqCkBVsup/AKcvjdgoHnfi4pZMn5UwAPCbhk/96xyv284eBYW8JlQbQ7zDmnpFr68I/40mFoIBQ==}
    dependencies:
      '@types/koa': 2.11.6
    dev: true

  /@types/koa/2.11.6:
    resolution: {integrity: sha512-BhyrMj06eQkk04C97fovEDQMpLpd2IxCB4ecitaXwOKGq78Wi2tooaDOWOFGajPk8IkQOAtMppApgSVkYe1F/A==}
    dependencies:
      '@types/accepts': 1.3.5
      '@types/content-disposition': 0.5.3
      '@types/cookies': 0.7.6
      '@types/http-assert': 1.5.1
      '@types/http-errors': 1.8.0
      '@types/keygrip': 1.0.2
      '@types/koa-compose': 3.2.5
      '@types/node': 14.14.31
    dev: true

  /@types/mime/1.3.2:
    resolution: {integrity: sha512-YATxVxgRqNH6nHEIsvg6k2Boc1JHI9ZbH5iWFFv/MTkchz3b1ieGDa5T0a9RznNdI0KhVbdbWSN+KWWrQZRxTw==}
    dev: true

  /@types/node-fetch/1.6.9:
    resolution: {integrity: sha512-n2r6WLoY7+uuPT7pnEtKJCmPUGyJ+cbyBR8Avnu4+m1nzz7DwBVuyIvvlBzCZ/nrpC7rIgb3D6pNavL7rFEa9g==}
    dependencies:
      '@types/node': 14.14.31
    dev: true

  /@types/node/14.14.31:
    resolution: {integrity: sha512-vFHy/ezP5qI0rFgJ7aQnjDXwAMrG0KqqIH7tQG5PPv3BWBayOPIQNBjVc/P6hhdZfMx51REc6tfDNXHUio893g==}

  /@types/qs/6.9.5:
    resolution: {integrity: sha512-/JHkVHtx/REVG0VVToGRGH2+23hsYLHdyG+GrvoUGlGAd0ErauXDyvHtRI/7H7mzLm+tBCKA7pfcpkQ1lf58iQ==}
    dev: true

  /@types/range-parser/1.2.3:
    resolution: {integrity: sha512-ewFXqrQHlFsgc09MK5jP5iR7vumV/BYayNC6PgJO2LPe8vrnNFyjQjSppfEngITi0qvfKtzFvgKymGheFM9UOA==}
    dev: true

  /@types/serve-static/1.13.9:
    resolution: {integrity: sha512-ZFqF6qa48XsPdjXV5Gsz0Zqmux2PerNd3a/ktL45mHpa19cuMi/cL8tcxdAx497yRh+QtYPuofjT9oWw9P7nkA==}
    dependencies:
      '@types/mime': 1.3.2
      '@types/node': 14.14.31
    dev: true

  /accepts/1.3.7:
    resolution: {integrity: sha512-Il80Qs2WjYlJIBNzNkK6KYqlVMTbZLXgHx2oT0pU/fjRHyEp+PEfEPY0R3WCwAGVOtauxh1hOxNgIf5bv7dQpA==}
    engines: {node: '>= 0.6'}
    dependencies:
      mime-types: 2.1.29
      negotiator: 0.6.2
    dev: false

  /ansi-regex/5.0.0:
    resolution: {integrity: sha512-bY6fj56OUQ0hU1KjFNDQuJFezqKdrAyFdIevADiqrWHwSlbmBNMHp5ak2f40Pm8JTFyM2mqxkG6ngkHO11f/lg==}
    engines: {node: '>=8'}
    dev: true

  /ansi-styles/3.2.1:
    resolution: {integrity: sha512-VT0ZI6kZRdTh8YyJw3SMbYm/u+NqfsAxEpWO0Pf9sq8/e94WxxOpPKx9FR1FlyCtOVDNOQ+8ntlqFxiRc+r5qA==}
    engines: {node: '>=4'}
    dependencies:
      color-convert: 1.9.3
    dev: false

  /any-promise/1.3.0:
    resolution: {integrity: sha1-q8av7tzqUugJzcA3au0845Y10X8=}
    dev: false

  /array-back/3.1.0:
    resolution: {integrity: sha512-TkuxA4UCOvxuDK6NZYXCalszEzj+TLszyASooky+i742l9TqsOdYCMJJupxRic61hwquNtppB3hgcuq9SVSH1Q==}
    engines: {node: '>=6'}
    dev: false

  /array-back/4.0.1:
    resolution: {integrity: sha512-Z/JnaVEXv+A9xabHzN43FiiiWEE7gPCRXMrVmRm00tWbjZRul1iHm7ECzlyNq1p4a4ATXz+G9FJ3GqGOkOV3fg==}
    engines: {node: '>=8'}
    dev: false

  /balanced-match/1.0.0:
    resolution: {integrity: sha1-ibTRmasr7kneFk6gK4nORi1xt2c=}
    dev: true

  /base64-arraybuffer/0.1.4:
    resolution: {integrity: sha1-mBjHngWbE1X5fgQooBfIOOkLqBI=}
    engines: {node: '>= 0.6.0'}
    dev: false

  /base64id/2.0.0:
    resolution: {integrity: sha512-lGe34o6EHj9y3Kts9R4ZYs/Gr+6N7MCaMlIFA3F1R2O5/m7K06AxfSeO5530PEERE6/WyEg3lsuyw4GHlPZHog==}
    engines: {node: ^4.5.0 || >= 5.9}
    dev: false

  /brace-expansion/1.1.11:
    resolution: {integrity: sha512-iCuPHDFgrHX7H2vEI/5xpz07zSHB00TpugqhmYtVmMO6518mCuRMoOYFldEBl0g187ufozdaHgWKcYFb61qGiA==}
    dependencies:
      balanced-match: 1.0.0
      concat-map: 0.0.1
    dev: true

  /bytes/3.1.0:
    resolution: {integrity: sha512-zauLjrfCG+xvoyaqLoV8bLVXXNGC4JqlxFCutSDWA6fJrTo2ZuvLYTqZ7aHBLZSMOopbzwv8f+wZcVzfVTI2Dg==}
    engines: {node: '>= 0.8'}
    dev: false

  /cache-content-type/1.0.1:
    resolution: {integrity: sha512-IKufZ1o4Ut42YUrZSo8+qnMTrFuKkvyoLXUywKz9GJ5BrhOFGhLdkx9sG4KAnVvbY6kEcSFjLQul+DVmBm2bgA==}
    engines: {node: '>= 6.0.0'}
    dependencies:
      mime-types: 2.1.29
      ylru: 1.2.1
    dev: false

  /chalk/2.4.2:
    resolution: {integrity: sha512-Mti+f9lpJNcwF4tWV8/OrTTtF1gZi+f8FqlyAdouralcFWFQWF2+NgCHShjkCb+IFBLq9buZwE1xckQU4peSuQ==}
    engines: {node: '>=4'}
    dependencies:
      ansi-styles: 3.2.1
      escape-string-regexp: 1.0.5
      supports-color: 5.5.0
    dev: false

  /co-body/5.2.0:
    resolution: {integrity: sha512-sX/LQ7LqUhgyaxzbe7IqwPeTr2yfpfUIQ/dgpKo6ZI4y4lpQA0YxAomWIY+7I7rHWcG02PG+OuPREzMW/5tszQ==}
    dependencies:
      inflation: 2.0.0
      qs: 6.9.6
      raw-body: 2.4.1
      type-is: 1.6.18
    dev: false

  /co/4.6.0:
    resolution: {integrity: sha1-bqa989hTrlTMuOR7+gvz+QMfsYQ=}
    engines: {iojs: '>= 1.0.0', node: '>= 0.12.0'}
    dev: false

  /color-convert/1.9.3:
    resolution: {integrity: sha512-QfAUtd+vFdAtFQcC8CCyYt1fYWxSqAiK2cSD6zDB8N3cpsEBAvRxp9zOGg6G/SHHJYAT88/az/IuDGALsNVbGg==}
    dependencies:
      color-name: 1.1.3
    dev: false

  /color-name/1.1.3:
    resolution: {integrity: sha1-p9BVi9icQveV3UIyj3QIMcpTvCU=}
    dev: false

  /command-line-args/5.1.1:
    resolution: {integrity: sha512-hL/eG8lrll1Qy1ezvkant+trihbGnaKaeEjj6Scyr3DN+RC7iQ5Rz84IeLERfAWDGo0HBSNAakczwgCilDXnWg==}
    engines: {node: '>=4.0.0'}
    dependencies:
      array-back: 3.1.0
      find-replace: 3.0.0
      lodash.camelcase: 4.3.0
      typical: 4.0.0
    dev: false

  /command-line-usage/6.1.1:
    resolution: {integrity: sha512-F59pEuAR9o1SF/bD0dQBDluhpT4jJQNWUHEuVBqpDmCUo6gPjCi+m9fCWnWZVR/oG6cMTUms4h+3NPl74wGXvA==}
    engines: {node: '>=8.0.0'}
    dependencies:
      array-back: 4.0.1
      chalk: 2.4.2
      table-layout: 1.0.1
      typical: 5.2.0
    dev: false

  /component-emitter/1.3.0:
    resolution: {integrity: sha512-Rd3se6QB+sO1TwqZjscQrurpEPIfO0/yYnSin6Q/rD3mOutHvUrCAhJub3r90uNb+SESBuE0QYoB90YdfatsRg==}
    dev: false

  /concat-map/0.0.1:
    resolution: {integrity: sha1-2Klr13/Wjfd5OnMDajug1UBdR3s=}
    dev: true

  /content-disposition/0.5.3:
    resolution: {integrity: sha512-ExO0774ikEObIAEV9kDo50o+79VCUdEB6n6lzKgGwupcVeRlhrj3qGAfwq8G6uBJjkqLrhT0qEYFcWng8z1z0g==}
    engines: {node: '>= 0.6'}
    dependencies:
      safe-buffer: 5.1.2
    dev: false

  /content-type/1.0.4:
    resolution: {integrity: sha512-hIP3EEPs8tB9AT1L+NUqtwOAps4mk2Zob89MWXMHjHWg9milF/j4osnnQLXBCBFBk/tvIG/tUc9mOUJiPBhPXA==}
    engines: {node: '>= 0.6'}
    dev: false

  /cookie/0.4.1:
    resolution: {integrity: sha512-ZwrFkGJxUR3EIoXtO+yVE69Eb7KlixbaeAWfBQB9vVsNn/o+Yw69gBWSSDK825hQNdN+wF8zELf3dFNl/kxkUA==}
    engines: {node: '>= 0.6'}
    dev: false

  /cookies/0.8.0:
    resolution: {integrity: sha512-8aPsApQfebXnuI+537McwYsDtjVxGm8gTIzQI3FDW6t5t/DAhERxtnbEPN/8RX+uZthoz4eCOgloXaE5cYyNow==}
    engines: {node: '>= 0.8'}
    dependencies:
      depd: 2.0.0
      keygrip: 1.1.0
    dev: false

  /cors/2.8.5:
    resolution: {integrity: sha512-KIHbLJqu73RGr/hnbrO9uBeixNGuvSQjul/jdFvS/KFSIH1hWVd1ng7zOHx+YrEfInLG7q4n6GHQ9cDtxv/P6g==}
    engines: {node: '>= 0.10'}
    dependencies:
      object-assign: 4.1.1
      vary: 1.1.2
    dev: false

  /cross-spawn/7.0.3:
    resolution: {integrity: sha512-iRDPJKUPVEND7dHPO8rkbOnPpyDygcDFtWjpeWNCgy8WP2rXcxXL8TskReQl6OrB2G7+UJrags1q15Fudc7G6w==}
    engines: {node: '>= 8'}
    dependencies:
      path-key: 3.1.1
      shebang-command: 2.0.0
      which: 2.0.2
    dev: true

  /debug/3.1.0:
    resolution: {integrity: sha512-OX8XqP7/1a9cqkxYw2yXss15f26NKWBpDXQd0/uK/KPqdQhxbPa994hnzjcE2VqQpDslf55723cKPUOGSmMY3g==}
    dependencies:
      ms: 2.0.0
    dev: false

  /debug/3.2.7:
    resolution: {integrity: sha512-CFjzYYAi4ThfiQvizrFQevTTXHtnCqWfe7x1AhgEscTz6ZbLbfoLRLPugTQyBth6f8ZERVUSyWHFD/7Wu4t1XQ==}
    dependencies:
      ms: 2.1.3
    dev: false

  /debug/4.3.1:
    resolution: {integrity: sha512-doEwdvm4PCeK4K3RQN2ZC2BYUBaxwLARCqZmMjtF8a51J2Rb0xpVloFRnCODwqjpwnAoao4pelN8l3RJdv3gRQ==}
    engines: {node: '>=6.0'}
    peerDependencies:
      supports-color: '*'
    peerDependenciesMeta:
      supports-color:
        optional: true
    dependencies:
      ms: 2.1.2
    dev: false

  /deep-equal/1.0.1:
    resolution: {integrity: sha1-9dJgKStmDghO/0zbyfCK0yR0SLU=}
    dev: false

  /deep-extend/0.6.0:
    resolution: {integrity: sha512-LOHxIOaPYdHlJRtCQfDIVZtfw/ufM8+rVj649RIHzcm/vGwQRXFt6OPqIFWsm2XEMrNIEtWR64sY1LEKD2vAOA==}
    engines: {node: '>=4.0.0'}
    dev: false

  /delegates/1.0.0:
    resolution: {integrity: sha1-hMbhWbgZBP3KWaDvRM2HDTElD5o=}
    dev: false

  /depd/1.1.2:
    resolution: {integrity: sha1-m81S4UwJd2PnSbJ0xDRu0uVgtak=}
    engines: {node: '>= 0.6'}
    dev: false

  /depd/2.0.0:
    resolution: {integrity: sha512-g7nH6P6dyDioJogAAGprGpCtVImJhpPk/roCzdb3fIh61/s/nPsfR6onyMwkCAR/OlC3yBC0lESvUoQEAssIrw==}
    engines: {node: '>= 0.8'}
    dev: false

  /destroy/1.0.4:
    resolution: {integrity: sha1-l4hXRCxEdJ5CBmE+N5RiBYJqvYA=}
    dev: false

  /dotenv/8.2.0:
    resolution: {integrity: sha512-8sJ78ElpbDJBHNeBzUbUVLsqKdccaa/BXF1uPTw3GrvQTBgrQrtObr2mUrE38vzYd8cEv+m/JBfDLioYcfXoaw==}
    engines: {node: '>=8'}
    dev: false

  /duplexer/0.1.2:
    resolution: {integrity: sha512-jtD6YG370ZCIi/9GTaJKQxWTZD045+4R4hTk/x1UyoqadyJ9x9CgSi1RlVDQF8U2sxLLSnFkCaMihqljHIWgMg==}
    dev: true

  /ee-first/1.1.1:
    resolution: {integrity: sha1-WQxhFWsK4vTwJVcyoViyZrxWsh0=}
    dev: false

  /encodeurl/1.0.2:
    resolution: {integrity: sha1-rT/0yG7C0CkyL1oCw6mmBslbP1k=}
    engines: {node: '>= 0.8'}
    dev: false

  /engine.io-parser/4.0.2:
    resolution: {integrity: sha512-sHfEQv6nmtJrq6TKuIz5kyEKH/qSdK56H/A+7DnAuUPWosnIZAS2NHNcPLmyjtY3cGS/MqJdZbUjW97JU72iYg==}
    engines: {node: '>=8.0.0'}
    dependencies:
      base64-arraybuffer: 0.1.4
    dev: false

  /engine.io/4.1.1:
    resolution: {integrity: sha512-t2E9wLlssQjGw0nluF6aYyfX8LwYU8Jj0xct+pAhfWfv/YrBn6TSNtEYsgxHIfaMqfrLx07czcMg9bMN6di+3w==}
    engines: {node: '>=10.0.0'}
    dependencies:
      accepts: 1.3.7
      base64id: 2.0.0
      cookie: 0.4.1
      cors: 2.8.5
      debug: 4.3.1
      engine.io-parser: 4.0.2
      ws: 7.4.3
    transitivePeerDependencies:
      - bufferutil
      - supports-color
      - utf-8-validate
    dev: false

  /escape-html/1.0.3:
    resolution: {integrity: sha1-Aljq5NPQwJdN4cFpGI7wBR0dGYg=}
    dev: false

  /escape-string-regexp/1.0.5:
    resolution: {integrity: sha1-G2HAViGQqN/2rjuyzwIAyhMLhtQ=}
    engines: {node: '>=0.8.0'}
    dev: false

  /event-stream/3.3.4:
    resolution: {integrity: sha1-SrTJoPWlTbkzi0w02Gv86PSzVXE=}
    dependencies:
      duplexer: 0.1.2
      from: 0.1.7
      map-stream: 0.1.0
      pause-stream: 0.0.11
      split: 0.3.3
      stream-combiner: 0.0.4
      through: 2.3.8
    dev: true

  /find-replace/3.0.0:
    resolution: {integrity: sha512-6Tb2myMioCAgv5kfvP5/PkZZ/ntTpVK39fHY7WkWBgvbeE+VHd/tZuZ4mrC+bxh4cfOZeYKVPaJIZtZXV7GNCQ==}
    engines: {node: '>=4.0.0'}
    dependencies:
      array-back: 3.1.0
    dev: false

  /formidable/1.2.2:
    resolution: {integrity: sha512-V8gLm+41I/8kguQ4/o1D3RIHRmhYFG4pnNyonvua+40rqcEmT4+V71yaZ3B457xbbgCsCfjSPi65u/W6vK1U5Q==}
    dev: false

  /fresh/0.5.2:
    resolution: {integrity: sha1-PYyt2Q2XZWn6g1qx+OSyOhBWBac=}
    engines: {node: '>= 0.6'}
    dev: false

  /from/0.1.7:
    resolution: {integrity: sha1-g8YK/Fi5xWmXAH7Rp2izqzA6RP4=}
    dev: true

  /fs.realpath/1.0.0:
    resolution: {integrity: sha1-FQStJSMVjKpA20onh8sBQRmU6k8=}
    dev: true

  /glob/7.1.6:
    resolution: {integrity: sha512-LwaxwyZ72Lk7vZINtNNrywX0ZuLyStrdDtabefZKAY5ZGJhVtgdznluResxNmPitE0SAO+O26sWTHeKSI2wMBA==}
    dependencies:
      fs.realpath: 1.0.0
      inflight: 1.0.6
      inherits: 2.0.4
      minimatch: 3.0.4
      once: 1.4.0
      path-is-absolute: 1.0.1
    dev: true

  /has-flag/3.0.0:
    resolution: {integrity: sha1-tdRU3CGZriJWmfNGfloH87lVuv0=}
    engines: {node: '>=4'}
    dev: false

  /http-assert/1.4.1:
    resolution: {integrity: sha512-rdw7q6GTlibqVVbXr0CKelfV5iY8G2HqEUkhSk297BMbSpSL8crXC+9rjKoMcZZEsksX30le6f/4ul4E28gegw==}
    engines: {node: '>= 0.8'}
    dependencies:
      deep-equal: 1.0.1
      http-errors: 1.7.3
    dev: false

  /http-errors/1.6.3:
    resolution: {integrity: sha1-i1VoC7S+KDoLW/TqLjhYC+HZMg0=}
    engines: {node: '>= 0.6'}
    dependencies:
      depd: 1.1.2
      inherits: 2.0.3
      setprototypeof: 1.1.0
      statuses: 1.5.0
    dev: false

  /http-errors/1.7.3:
    resolution: {integrity: sha512-ZTTX0MWrsQ2ZAhA1cejAwDLycFsd7I7nVtnkT3Ol0aqodaKW+0CTZDQ1uBv5whptCnc8e8HeRRJxRs0kmm/Qfw==}
    engines: {node: '>= 0.6'}
    dependencies:
      depd: 1.1.2
      inherits: 2.0.4
      setprototypeof: 1.1.1
      statuses: 1.5.0
      toidentifier: 1.0.0
    dev: false

  /http-errors/1.8.0:
    resolution: {integrity: sha512-4I8r0C5JDhT5VkvI47QktDW75rNlGVsUf/8hzjCC/wkWI/jdTRmBb9aI7erSG82r1bjKY3F6k28WnsVxB1C73A==}
    engines: {node: '>= 0.6'}
    dependencies:
      depd: 1.1.2
      inherits: 2.0.4
      setprototypeof: 1.2.0
      statuses: 1.5.0
      toidentifier: 1.0.0
    dev: false

  /iconv-lite/0.4.24:
    resolution: {integrity: sha512-v3MXnZAcvnywkTUEZomIActle7RXXeedOR31wwl7VlyoXO4Qi9arvSenNQWne1TcRwhCL1HwLI21bEqdpj8/rA==}
    engines: {node: '>=0.10.0'}
    dependencies:
      safer-buffer: 2.1.2
    dev: false

  /inflation/2.0.0:
    resolution: {integrity: sha1-i0F+R8KPklpFEz2RTKH9OJEH8w8=}
    engines: {node: '>= 0.8.0'}
    dev: false

  /inflight/1.0.6:
    resolution: {integrity: sha1-Sb1jMdfQLQwJvJEKEHW6gWW1bfk=}
    dependencies:
      once: 1.4.0
      wrappy: 1.0.2
    dev: true

  /inherits/2.0.3:
    resolution: {integrity: sha1-Yzwsg+PaQqUC9SRmAiSA9CCCYd4=}
    dev: false

  /inherits/2.0.4:
    resolution: {integrity: sha512-k/vGaX4/Yla3WzyMCvTQOXYeIHvqOKtnqBduzTHpzpQZzAskKMhZ2K+EnBiSM9zGSoIFeMpXKxa4dYeZIQqewQ==}

  /is-generator-function/1.0.8:
    resolution: {integrity: sha512-2Omr/twNtufVZFr1GhxjOMFPAj2sjc/dKaIqBhvo4qciXfJmITGH6ZGd8eZYNHza8t1y0e01AuqRhJwfWp26WQ==}
    engines: {node: '>= 0.4'}
    dev: false

  /isexe/2.0.0:
    resolution: {integrity: sha1-6PvzdNxVb/iUehDcsFctYz8s+hA=}
    dev: true

  /keygrip/1.1.0:
    resolution: {integrity: sha512-iYSchDJ+liQ8iwbSI2QqsQOvqv58eJCEanyJPJi+Khyu8smkcKSFUCbPwzFcL7YVtZ6eONjqRX/38caJ7QjRAQ==}
    engines: {node: '>= 0.6'}
    dependencies:
      tsscmp: 1.0.6
    dev: false

  /koa-body/4.2.0:
    resolution: {integrity: sha512-wdGu7b9amk4Fnk/ytH8GuWwfs4fsB5iNkY8kZPpgQVb04QZSv85T0M8reb+cJmvLE8cjPYvBzRikD3s6qz8OoA==}
    dependencies:
      '@types/formidable': 1.0.32
      co-body: 5.2.0
      formidable: 1.2.2
    dev: false

  /koa-compose/3.2.1:
    resolution: {integrity: sha1-qFzLQLfZhtjlo0Wzoazo6rz1Tec=}
    dependencies:
      any-promise: 1.3.0
    dev: false

  /koa-compose/4.1.0:
    resolution: {integrity: sha512-8ODW8TrDuMYvXRwra/Kh7/rJo9BtOfPc6qO8eAfC80CnCvSjSl0bkRM24X6/XBBEyj0v1nRUQ1LyOy3dbqOWXw==}
    dev: false

  /koa-convert/1.2.0:
    resolution: {integrity: sha1-2kCHXfSd4FOQmNFwC1CCDOvNIdA=}
    engines: {node: '>= 4'}
    dependencies:
      co: 4.6.0
      koa-compose: 3.2.1
    dev: false

  /koa-router/10.0.0:
    resolution: {integrity: sha512-gAE5J1gBQTvfR8rMMtMUkE26+1MbO3DGpGmvfmM2pR9Z7w2VIb2Ecqeal98yVO7+4ltffby7gWOzpCmdNOQe0w==}
    engines: {node: '>= 8.0.0'}
    dependencies:
      debug: 4.3.1
      http-errors: 1.8.0
      koa-compose: 4.1.0
      methods: 1.1.2
      path-to-regexp: 6.2.0
    transitivePeerDependencies:
      - supports-color
    dev: false

  /koa-send/5.0.1:
    resolution: {integrity: sha512-tmcyQ/wXXuxpDxyNXv5yNNkdAMdFRqwtegBXUaowiQzUKqJehttS0x2j0eOZDQAyloAth5w6wwBImnFzkUz3pQ==}
    engines: {node: '>= 8'}
    dependencies:
      debug: 4.3.1
      http-errors: 1.8.0
      resolve-path: 1.4.0
    transitivePeerDependencies:
      - supports-color
    dev: false

  /koa-static/5.0.0:
    resolution: {integrity: sha512-UqyYyH5YEXaJrf9S8E23GoJFQZXkBVJ9zYYMPGz919MSX1KuvAcycIuS0ci150HCoPf4XQVhQ84Qf8xRPWxFaQ==}
    engines: {node: '>= 7.6.0'}
    dependencies:
      debug: 3.2.7
      koa-send: 5.0.1
    transitivePeerDependencies:
      - supports-color
    dev: false

  /koa/2.13.1:
    resolution: {integrity: sha512-Lb2Dloc72auj5vK4X4qqL7B5jyDPQaZucc9sR/71byg7ryoD1NCaCm63CShk9ID9quQvDEi1bGR/iGjCG7As3w==}
    engines: {node: ^4.8.4 || ^6.10.1 || ^7.10.1 || >= 8.1.4}
    dependencies:
      accepts: 1.3.7
      cache-content-type: 1.0.1
      content-disposition: 0.5.3
      content-type: 1.0.4
      cookies: 0.8.0
      debug: 3.1.0
      delegates: 1.0.0
      depd: 2.0.0
      destroy: 1.0.4
      encodeurl: 1.0.2
      escape-html: 1.0.3
      fresh: 0.5.2
      http-assert: 1.4.1
      http-errors: 1.8.0
      is-generator-function: 1.0.8
      koa-compose: 4.1.0
      koa-convert: 1.2.0
      on-finished: 2.3.0
      only: 0.0.2
      parseurl: 1.3.3
      statuses: 1.5.0
      type-is: 1.6.18
      vary: 1.1.2
    dev: false

  /lodash.camelcase/4.3.0:
    resolution: {integrity: sha1-soqmKIorn8ZRA1x3EfZathkDMaY=}
    dev: false

  /lokijs/1.5.11:
    resolution: {integrity: sha512-YYyuBPxMn/oS0tFznQDbIX5XL1ltMcwFqCboDr8voYE4VCDzR5vAsrvQDhlnua4lBeqMqHmLvUXRTmRUzUKH1Q==}
    dev: false

  /map-stream/0.1.0:
    resolution: {integrity: sha1-5WqpTEyAVaFkBKBnS3jyFffI4ZQ=}
    dev: true

  /media-typer/0.3.0:
    resolution: {integrity: sha1-hxDXrwqmJvj/+hzgAWhUUmMlV0g=}
    engines: {node: '>= 0.6'}
    dev: false

  /methods/1.1.2:
    resolution: {integrity: sha1-VSmk1nZUE07cxSZmVoNbD4Ua/O4=}
    engines: {node: '>= 0.6'}
    dev: false

  /mime-db/1.46.0:
    resolution: {integrity: sha512-svXaP8UQRZ5K7or+ZmfNhg2xX3yKDMUzqadsSqi4NCH/KomcH75MAMYAGVlvXn4+b/xOPhS3I2uHKRUzvjY7BQ==}
    engines: {node: '>= 0.6'}
    dev: false

  /mime-types/2.1.29:
    resolution: {integrity: sha512-Y/jMt/S5sR9OaqteJtslsFZKWOIIqMACsJSiHghlCAyhf7jfVYjKBmLiX8OgpWeW+fjJ2b+Az69aPFPkUOY6xQ==}
    engines: {node: '>= 0.6'}
    dependencies:
      mime-db: 1.46.0
    dev: false

  /minimatch/3.0.4:
    resolution: {integrity: sha512-yJHVQEhyqPLUTgt9B83PXu6W3rx4MvvHvSUvToogpwoGDOUQ+yDrR0HRot+yOCdCO7u4hX3pWft6kWBBcqh0UA==}
    dependencies:
      brace-expansion: 1.1.11
    dev: true

  /ms/2.0.0:
    resolution: {integrity: sha1-VgiurfwAvmwpAd9fmGF4jeDVl8g=}
    dev: false

  /ms/2.1.2:
    resolution: {integrity: sha512-sGkPx+VjMtmA6MX27oA4FBFELFCZZ4S4XqeGOXCv68tT+jb3vk/RyaKWP0PTKyWtmLSM0b+adUTEvbs1PEaH2w==}
    dev: false

  /ms/2.1.3:
    resolution: {integrity: sha512-6FlzubTLZG3J2a/NVCAleEhjzq5oxgHyaCU9yYXvcLsvoVaHJq/s5xXI6/XXP6tz7R9xAOtHnSO/tXtF3WRTlA==}
    dev: false

  /negotiator/0.6.2:
    resolution: {integrity: sha512-hZXc7K2e+PgeI1eDBe/10Ard4ekbfrrqG8Ep+8Jmf4JID2bNg7NvCPOZN+kfF574pFQI7mum2AUqDidoKqcTOw==}
    engines: {node: '>= 0.6'}
    dev: false

  /node-cleanup/2.1.2:
    resolution: {integrity: sha1-esGavSl+Caf3KnFUXZUbUX5N3iw=}
    dev: true

  /node-fetch/2.6.1:
    resolution: {integrity: sha512-V4aYg89jEoVRxRb2fJdAg8FHvI7cEyYdVAh94HH0UIK8oJxUfkjlDQN9RbMx+bEjP7+ggMiFRprSti032Oipxw==}
    engines: {node: 4.x || >=6.0.0}
    dev: false

  /object-assign/4.1.1:
    resolution: {integrity: sha1-IQmtx5ZYh8/AXLvUQsrIv7s2CGM=}
    engines: {node: '>=0.10.0'}
    dev: false

  /on-finished/2.3.0:
    resolution: {integrity: sha1-IPEzZIGwg811M3mSoWlxqi2QaUc=}
    engines: {node: '>= 0.8'}
    dependencies:
      ee-first: 1.1.1
    dev: false

  /once/1.4.0:
    resolution: {integrity: sha1-WDsap3WWHUsROsF9nFC6753Xa9E=}
    dependencies:
      wrappy: 1.0.2
    dev: true

  /only/0.0.2:
    resolution: {integrity: sha1-Kv3oTQPlC5qO3EROMGEKcCle37Q=}
    dev: false

  /parseurl/1.3.3:
    resolution: {integrity: sha512-CiyeOxFT/JZyN5m0z9PfXw4SCBJ6Sygz1Dpl0wqjlhDEGGBP1GnsUVEL0p63hoG1fcj3fHynXi9NYO4nWOL+qQ==}
    engines: {node: '>= 0.8'}
    dev: false

  /path-is-absolute/1.0.1:
    resolution: {integrity: sha1-F0uSaHNVNP+8es5r9TpanhtcX18=}
    engines: {node: '>=0.10.0'}

  /path-key/3.1.1:
    resolution: {integrity: sha512-ojmeN0qd+y0jszEtoY48r0Peq5dwMEkIlCOu6Q5f41lfkswXuKtYrhgoTpLnyIcHm24Uhqx+5Tqm2InSwLhE6Q==}
    engines: {node: '>=8'}
    dev: true

  /path-to-regexp/6.2.0:
    resolution: {integrity: sha512-f66KywYG6+43afgE/8j/GoiNyygk/bnoCbps++3ErRKsIYkGGupyv07R2Ok5m9i67Iqc+T2g1eAUGUPzWhYTyg==}
    dev: false

  /pause-stream/0.0.11:
    resolution: {integrity: sha1-/lo0sMvOErWqaitAPuLnO2AvFEU=}
    dependencies:
      through: 2.3.8
    dev: true

  /ps-tree/1.2.0:
    resolution: {integrity: sha512-0VnamPPYHl4uaU/nSFeZZpR21QAWRz+sRv4iW9+v/GS/J5U5iZB5BNN6J0RMoOvdx2gWM2+ZFMIm58q24e4UYA==}
    engines: {node: '>= 0.10'}
    hasBin: true
    dependencies:
      event-stream: 3.3.4
    dev: true

  /qs/6.9.6:
    resolution: {integrity: sha512-TIRk4aqYLNoJUbd+g2lEdz5kLWIuTMRagAXxl78Q0RiVjAOugHmeKNGdd3cwo/ktpf9aL9epCfFqWDEKysUlLQ==}
    engines: {node: '>=0.6'}
    dev: false

  /raw-body/2.4.1:
    resolution: {integrity: sha512-9WmIKF6mkvA0SLmA2Knm9+qj89e+j1zqgyn8aXGd7+nAduPoqgI9lO57SAZNn/Byzo5P7JhXTyg9PzaJbH73bA==}
    engines: {node: '>= 0.8'}
    dependencies:
      bytes: 3.1.0
      http-errors: 1.7.3
      iconv-lite: 0.4.24
      unpipe: 1.0.0
    dev: false

  /reduce-flatten/2.0.0:
    resolution: {integrity: sha512-EJ4UNY/U1t2P/2k6oqotuX2Cc3T6nxJwsM0N0asT7dhrtH1ltUxDn4NalSYmPE2rCkVpcf/X6R0wDwcFpzhd4w==}
    engines: {node: '>=6'}
    dev: false

  /resolve-path/1.4.0:
    resolution: {integrity: sha1-xL2p9e+y/OZSR4c6s2u02DT+Fvc=}
    engines: {node: '>= 0.8'}
    dependencies:
      http-errors: 1.6.3
      path-is-absolute: 1.0.1
    dev: false

  /rest-easy-loki/1.0.0:
    resolution: {integrity: sha512-bcZpL6WuWIi2IvS/YjtrBJWv58jIUSvSbwlZfSsw4Tbdq+hpb6H5Y5Ddfbu43yAyDw+/VjzHgLtkdrNQcb1thw==}
    hasBin: true
    dependencies:
      '@koa/cors': 3.1.0
      command-line-args: 5.1.1
      command-line-usage: 6.1.1
      dotenv: 8.2.0
      koa: 2.13.1
      koa-body: 4.2.0
      koa-router: 10.0.0
      koa-static: 5.0.0
      lokijs: 1.5.11
      rfc6902: 4.0.1
      socket.io: 3.1.2
    transitivePeerDependencies:
      - bufferutil
      - supports-color
      - utf-8-validate
    dev: false

  /rfc6902/4.0.1:
    resolution: {integrity: sha512-RZOewbzE7AGAAPxxoTg137y4rCzA9w+5F9O+j+JdwnXH9uNNIpDPf8eH4sIViqgjfvOak+nlBRiy17TPDn+PLA==}
    dev: false

  /rimraf/3.0.2:
    resolution: {integrity: sha512-JZkJMZkAGFFPP2YqXZXPbMlMBgsxzE8ILs4lMIX/2o0L9UBw9O/Y3o6wFw/i9YLapcUJWwqbi3kdxIPdC62TIA==}
    hasBin: true
    dependencies:
      glob: 7.1.6
    dev: true

  /safe-buffer/5.1.2:
    resolution: {integrity: sha512-Gd2UZBJDkXlY7GbJxfsE8/nvKkUEU1G38c1siN6QP6a9PT9MmHB8GnpscSmMJSoF8LOIrt8ud/wPtojys4G6+g==}
    dev: false

  /safer-buffer/2.1.2:
    resolution: {integrity: sha512-YZo3K82SD7Riyi0E1EQPojLz7kpepnSQI9IyPbHHg1XXXevb5dJI7tpyN2ADxGcQbHG7vcyRHk0cbwqcQriUtg==}
    dev: false

  /setprototypeof/1.1.0:
    resolution: {integrity: sha512-BvE/TwpZX4FXExxOxZyRGQQv651MSwmWKZGqvmPcRIjDqWub67kTKuIMx43cZZrS/cBBzwBcNDWoFxt2XEFIpQ==}
    dev: false

  /setprototypeof/1.1.1:
    resolution: {integrity: sha512-JvdAWfbXeIGaZ9cILp38HntZSFSo3mWg6xGcJJsd+d4aRMOqauag1C63dJfDw7OaMYwEbHMOxEZ1lqVRYP2OAw==}
    dev: false

  /setprototypeof/1.2.0:
    resolution: {integrity: sha512-E5LDX7Wrp85Kil5bhZv46j8jOeboKq5JMmYM3gVGdGH8xFpPWXUMsNrlODCrkoxMEeNi/XZIwuRvY4XNwYMJpw==}
    dev: false

  /shebang-command/2.0.0:
    resolution: {integrity: sha512-kHxr2zZpYtdmrN1qDjrrX/Z1rR1kG8Dx+gkpK1G4eXmvXswmcE1hTWBWYUzlraYw1/yZp6YuDY77YtvbN0dmDA==}
    engines: {node: '>=8'}
    dependencies:
      shebang-regex: 3.0.0
    dev: true

  /shebang-regex/3.0.0:
    resolution: {integrity: sha512-7++dFhtcx3353uBaq8DDR4NuxBetBzC7ZQOhmTQInHEd6bSrXdiEyzCvG07Z44UYdLShWUyXt5M/yhz8ekcb1A==}
    engines: {node: '>=8'}
    dev: true

  /socket.io-adapter/2.1.0:
    resolution: {integrity: sha512-+vDov/aTsLjViYTwS9fPy5pEtTkrbEKsw2M+oVSoFGw6OD1IpvlV1VPhUzNbofCQ8oyMbdYJqDtGdmHQK6TdPg==}
    dev: false

  /socket.io-parser/4.0.4:
    resolution: {integrity: sha512-t+b0SS+IxG7Rxzda2EVvyBZbvFPBCjJoyHuE0P//7OAsN23GItzDRdWa6ALxZI/8R5ygK7jAR6t028/z+7295g==}
    engines: {node: '>=10.0.0'}
    dependencies:
      '@types/component-emitter': 1.2.10
      component-emitter: 1.3.0
      debug: 4.3.1
    transitivePeerDependencies:
      - supports-color
    dev: false

  /socket.io/3.1.2:
    resolution: {integrity: sha512-JubKZnTQ4Z8G4IZWtaAZSiRP3I/inpy8c/Bsx2jrwGrTbKeVU5xd6qkKMHpChYeM3dWZSO0QACiGK+obhBNwYw==}
    engines: {node: '>=10.0.0'}
    dependencies:
      '@types/cookie': 0.4.0
      '@types/cors': 2.8.10
      '@types/node': 14.14.31
      accepts: 1.3.7
      base64id: 2.0.0
      debug: 4.3.1
      engine.io: 4.1.1
      socket.io-adapter: 2.1.0
      socket.io-parser: 4.0.4
    transitivePeerDependencies:
      - bufferutil
      - supports-color
      - utf-8-validate
    dev: false

  /split/0.3.3:
    resolution: {integrity: sha1-zQ7qXmOiEd//frDwkcQTPi0N0o8=}
    dependencies:
      through: 2.3.8
    dev: true

  /statuses/1.5.0:
    resolution: {integrity: sha1-Fhx9rBd2Wf2YEfQ3cfqZOBR4Yow=}
    engines: {node: '>= 0.6'}
    dev: false

  /stream-combiner/0.0.4:
    resolution: {integrity: sha1-TV5DPBhSYd3mI8o/RMWGvPXErRQ=}
    dependencies:
      duplexer: 0.1.2
    dev: true

  /string-argv/0.1.2:
    resolution: {integrity: sha512-mBqPGEOMNJKXRo7z0keX0wlAhbBAjilUdPW13nN0PecVryZxdHIeM7TqbsSUA7VYuS00HGC6mojP7DlQzfa9ZA==}
    engines: {node: '>=0.6.19'}
    dev: true

  /strip-ansi/6.0.0:
    resolution: {integrity: sha512-AuvKTrTfQNYNIctbR1K/YGTR1756GycPsg7b9bdV9Duqur4gv6aKqHXah67Z8ImS7WEz5QVcOtlfW2rZEugt6w==}
    engines: {node: '>=8'}
    dependencies:
      ansi-regex: 5.0.0
    dev: true

  /supports-color/5.5.0:
    resolution: {integrity: sha512-QjVjwdXIt408MIiAqCX4oUKsgU2EqAGzs2Ppkm4aQYbjm+ZEWEcW4SfFNTr4uMNZma0ey4f5lgLrkB0aX0QMow==}
    engines: {node: '>=4'}
    dependencies:
      has-flag: 3.0.0
    dev: false

  /table-layout/1.0.1:
    resolution: {integrity: sha512-dEquqYNJiGwY7iPfZ3wbXDI944iqanTSchrACLL2nOB+1r+h1Nzu2eH+DuPPvWvm5Ry7iAPeFlgEtP5bIp5U7Q==}
    engines: {node: '>=8.0.0'}
    dependencies:
      array-back: 4.0.1
      deep-extend: 0.6.0
      typical: 5.2.0
      wordwrapjs: 4.0.0
    dev: false

  /through/2.3.8:
    resolution: {integrity: sha1-DdTJ/6q8NXlgsbckEV1+Doai4fU=}
    dev: true

  /toidentifier/1.0.0:
    resolution: {integrity: sha512-yaOH/Pk/VEhBWWTlhI+qXxDFXlejDGcQipMlyxda9nthulaxLZUNcUqFxokp0vcYnvteJln5FNQDRrxj3YcbVw==}
    engines: {node: '>=0.6'}
    dev: false

  /tsc-watch/4.2.9_typescript@4.2.2:
    resolution: {integrity: sha512-DlTaoDs74+KUpyWr7dCGhuscAUKCz6CiFduBN7R9RbLJSSN1moWdwoCLASE7+zLgGvV5AwXfYDiEMAsPGaO+Vw==}
    engines: {node: '>=8.17.0'}
    hasBin: true
    peerDependencies:
      typescript: '*'
    dependencies:
      cross-spawn: 7.0.3
      node-cleanup: 2.1.2
      ps-tree: 1.2.0
      string-argv: 0.1.2
      strip-ansi: 6.0.0
      typescript: 4.2.2
    dev: true

  /tsscmp/1.0.6:
    resolution: {integrity: sha512-LxhtAkPDTkVCMQjt2h6eBVY28KCjikZqZfMcC15YBeNjkgUpdCfBu5HoiOTDu86v6smE8yOjyEktJ8hlbANHQA==}
    engines: {node: '>=0.6.x'}
    dev: false

  /type-is/1.6.18:
    resolution: {integrity: sha512-TkRKr9sUTxEH8MdfuCSP7VizJyzRNMjj2J2do2Jr3Kym598JVdEksuzPQCnlFPW4ky9Q+iA+ma9BGm06XQBy8g==}
    engines: {node: '>= 0.6'}
    dependencies:
      media-typer: 0.3.0
      mime-types: 2.1.29
    dev: false

  /typescript/4.2.2:
    resolution: {integrity: sha512-tbb+NVrLfnsJy3M59lsDgrzWIflR4d4TIUjz+heUnHZwdF7YsrMTKoRERiIvI2lvBG95dfpLxB21WZhys1bgaQ==}
    engines: {node: '>=4.2.0'}
    hasBin: true
    dev: true

  /typical/4.0.0:
    resolution: {integrity: sha512-VAH4IvQ7BDFYglMd7BPRDfLgxZZX4O4TFcRDA6EN5X7erNJJq+McIEp8np9aVtxrCJ6qx4GTYVfOWNjcqwZgRw==}
    engines: {node: '>=8'}
    dev: false

  /typical/5.2.0:
    resolution: {integrity: sha512-dvdQgNDNJo+8B2uBQoqdb11eUCE1JQXhvjC/CZtgvZseVd5TYMXnq0+vuUemXbd/Se29cTaUuPX3YIc2xgbvIg==}
    engines: {node: '>=8'}
    dev: false

  /unpipe/1.0.0:
    resolution: {integrity: sha1-sr9O6FFKrmFltIF4KdIbLvSZBOw=}
    engines: {node: '>= 0.8'}
    dev: false

  /vary/1.1.2:
    resolution: {integrity: sha1-IpnwLG3tMNSllhsLn3RSShj2NPw=}
    engines: {node: '>= 0.8'}
    dev: false

  /which/2.0.2:
    resolution: {integrity: sha512-BLI3Tl1TW3Pvl70l3yq3Y64i+awpwXqsGBYWkkqMtnbXgrMD+yj7rhW0kuEDxzJaYXGjEW5ogapKNMEKNMjibA==}
    engines: {node: '>= 8'}
    hasBin: true
    dependencies:
      isexe: 2.0.0
    dev: true

  /wordwrapjs/4.0.0:
    resolution: {integrity: sha512-Svqw723a3R34KvsMgpjFBYCgNOSdcW3mQFK4wIfhGQhtaFVOJmdYoXgi63ne3dTlWgatVcUc7t4HtQ/+bUVIzQ==}
    engines: {node: '>=8.0.0'}
    dependencies:
      reduce-flatten: 2.0.0
      typical: 5.2.0
    dev: false

  /wrappy/1.0.2:
    resolution: {integrity: sha1-tSQ9jz7BqjXxNkYFvA0QNuMKtp8=}
    dev: true

  /ws/7.4.3:
    resolution: {integrity: sha512-hr6vCR76GsossIRsr8OLR9acVVm1jyfEWvhbNjtgPOrfvAlKzvyeg/P6r8RuDjRyrcQoPQT7K0DGEPc7Ae6jzA==}
    engines: {node: '>=8.3.0'}
    peerDependencies:
      bufferutil: ^4.0.1
      utf-8-validate: ^5.0.2
    peerDependenciesMeta:
      bufferutil:
        optional: true
      utf-8-validate:
        optional: true
    dev: false

  /ylru/1.2.1:
    resolution: {integrity: sha512-faQrqNMzcPCHGVC2aaOINk13K+aaBDUPjGWl0teOXywElLjyVAB6Oe2jj62jHYtwsU49jXhScYbvPENK+6zAvQ==}
    engines: {node: '>= 4.0.0'}
    dev: false
